
Microsoft Visual Studio Solution File, Format Version 12.00
# Visual Studio Version 17
VisualStudioVersion = 17.13.35818.85 d17.13
MinimumVisualStudioVersion = 10.0.40219.1
Project("{8BC9CEB8-8B4A-11D0-8D11-00A0C91BC942}") = "Craps Dont Pass", "Craps Dont Pass\Craps Dont Pass.vcxproj", "{39C15F4C-E7E4-4FCA-8AC4-EE93B074BCFF}"
EndProject
Global
	GlobalSection(SolutionConfigurationPlatforms) = preSolution
		Debug|x64 = Debug|x64
		Debug|x86 = Debug|x86
		Release|x64 = Release|x64
		Release|x86 = Release|x86
	EndGlobalSection
	GlobalSection(ProjectConfigurationPlatforms) = postSolution
		{39C15F4C-E7E4-4FCA-8AC4-EE93B074BCFF}.Debug|x64.ActiveCfg = Debug|x64
		{39C15F4C-E7E4-4FCA-8AC4-EE93B074BCFF}.Debug|x64.Build.0 = Debug|x64
		{39C15F4C-E7E4-4FCA-8AC4-EE93B074BCFF}.Debug|x86.ActiveCfg = Debug|Win32
		{39C15F4C-E7E4-4FCA-8AC4-EE93B074BCFF}.Debug|x86.Build.0 = Debug|Win32
		{39C15F4C-E7E4-4FCA-8AC4-EE93B074BCFF}.Release|x64.ActiveCfg = Release|x64
		{39C15F4C-E7E4-4FCA-8AC4-EE93B074BCFF}.Release|x64.Build.0 = Release|x64
		{39C15F4C-E7E4-4FCA-8AC4-EE93B074BCFF}.Release|x86.ActiveCfg = Release|Win32
		{39C15F4C-E7E4-4FCA-8AC4-EE93B074BCFF}.Release|x86.Build.0 = Release|Win32
	EndGlobalSection
	GlobalSection(SolutionProperties) = preSolution
		HideSolutionNode = FALSE
	EndGlobalSection
	GlobalSection(ExtensibilityGlobals) = postSolution
		SolutionGuid = {BB444897-1007-4A5F-BE25-776C5A100956}
	EndGlobalSection
EndGlobal
